
Microsoft Visual Studio Solution File, Format Version 12.00
# Visual Studio Version 16
VisualStudioVersion = 16.0.30413.136
MinimumVisualStudioVersion = 10.0.40219.1
Project("{8BC9CEB8-8B4A-11D0-8D11-00A0C91BC942}") = "SoftRender", "SoftRender.vcxproj", "{5340022D-FFAF-4571-8528-31494AEFC7AD}"
EndProject
Global
	GlobalSection(SolutionConfigurationPlatforms) = preSolution
		Debug|x64 = Debug|x64
		Debug|x86 = Debug|x86
		Release|x64 = Release|x64
		Release|x86 = Release|x86
	EndGlobalSection
	GlobalSection(ProjectConfigurationPlatforms) = postSolution
		{5340022D-FFAF-4571-8528-31494AEFC7AD}.Debug|x64.ActiveCfg = Debug|x64
		{5340022D-FFAF-4571-8528-31494AEFC7AD}.Debug|x64.Build.0 = Debug|x64
		{5340022D-FFAF-4571-8528-31494AEFC7AD}.Debug|x86.ActiveCfg = Debug|Win32
		{5340022D-FFAF-4571-8528-31494AEFC7AD}.Debug|x86.Build.0 = Debug|Win32
		{5340022D-FFAF-4571-8528-31494AEFC7AD}.Release|x64.ActiveCfg = Release|x64
		{5340022D-FFAF-4571-8528-31494AEFC7AD}.Release|x64.Build.0 = Release|x64
		{5340022D-FFAF-4571-8528-31494AEFC7AD}.Release|x86.ActiveCfg = Release|Win32
		{5340022D-FFAF-4571-8528-31494AEFC7AD}.Release|x86.Build.0 = Release|Win32
	EndGlobalSection
	GlobalSection(SolutionProperties) = preSolution
		HideSolutionNode = FALSE
	EndGlobalSection
	GlobalSection(ExtensibilityGlobals) = postSolution
		SolutionGuid = {BDE4A33D-C196-43B1-A68B-746F1E6FC0BC}
	EndGlobalSection
EndGlobal
